// !$*UTF8*$!
{
	archiveVersion = 1;
	classes = {
	};
	objectVersion = 46;
	objects = {

/* Begin PBXBuildFile section */
		7EDA49A51E0DE07C00E9C178 /* AppDelegate.swift in Sources */ = {isa = PBXBuildFile; fileRef = 7EDA49A41E0DE07C00E9C178 /* AppDelegate.swift */; };
		7EDA49A71E0DE07C00E9C178 /* ViewController.swift in Sources */ = {isa = PBXBuildFile; fileRef = 7EDA49A61E0DE07C00E9C178 /* ViewController.swift */; };
		7EDA49AA1E0DE07C00E9C178 /* Main.storyboard in Resources */ = {isa = PBXBuildFile; fileRef = 7EDA49A81E0DE07C00E9C178 /* Main.storyboard */; };
		7EDA49AC1E0DE07C00E9C178 /* Assets.xcassets in Resources */ = {isa = PBXBuildFile; fileRef = 7EDA49AB1E0DE07C00E9C178 /* Assets.xcassets */; };
		7EDA49AF1E0DE07C00E9C178 /* LaunchScreen.storyboard in Resources */ = {isa = PBXBuildFile; fileRef = 7EDA49AD1E0DE07C00E9C178 /* LaunchScreen.storyboard */; };
		7EDA49BA1E0DE07D00E9C178 /* CalculatorBrainTests.swift in Sources */ = {isa = PBXBuildFile; fileRef = 7EDA49B91E0DE07D00E9C178 /* CalculatorBrainTests.swift */; };
/* End PBXBuildFile section */

/* Begin PBXContainerItemProxy section */
		7EDA49B61E0DE07D00E9C178 /* PBXContainerItemProxy */ = {
			isa = PBXContainerItemProxy;
			containerPortal = 7EDA49991E0DE07C00E9C178 /* Project object */;
			proxyType = 1;
			remoteGlobalIDString = 7EDA49A01E0DE07C00E9C178;
			remoteInfo = CalculatorBrain;
		};
/* End PBXContainerItemProxy section */

/* Begin PBXFileReference section */
		7EDA49A11E0DE07C00E9C178 /* CalculatorBrain.app */ = {isa = PBXFileReference; explicitFileType = wrapper.application; includeInIndex = 0; path = CalculatorBrain.app; sourceTree = BUILT_PRODUCTS_DIR; };
		7EDA49A41E0DE07C00E9C178 /* AppDelegate.swift */ = {isa = PBXFileReference; lastKnownFileType = sourcecode.swift; path = AppDelegate.swift; sourceTree = "<group>"; };
		7EDA49A61E0DE07C00E9C178 /* ViewController.swift */ = {isa = PBXFileReference; lastKnownFileType = sourcecode.swift; path = ViewController.swift; sourceTree = "<group>"; };
		7EDA49A91E0DE07C00E9C178 /* Base */ = {isa = PBXFileReference; lastKnownFileType = file.storyboard; name = Base; path = Base.lproj/Main.storyboard; sourceTree = "<group>"; };
		7EDA49AB1E0DE07C00E9C178 /* Assets.xcassets */ = {isa = PBXFileReference; lastKnownFileType = folder.assetcatalog; path = Assets.xcassets; sourceTree = "<group>"; };
		7EDA49AE1E0DE07C00E9C178 /* Base */ = {isa = PBXFileReference; lastKnownFileType = file.storyboard; name = Base; path = Base.lproj/LaunchScreen.storyboard; sourceTree = "<group>"; };
		7EDA49B01E0DE07C00E9C178 /* Info.plist */ = {isa = PBXFileReference; lastKnownFileType = text.plist.xml; path = Info.plist; sourceTree = "<group>"; };
		7EDA49B51E0DE07D00E9C178 /* CalculatorBrainTests.xctest */ = {isa = PBXFileReference; explicitFileType = wrapper.cfbundle; includeInIndex = 0; path = CalculatorBrainTests.xctest; sourceTree = BUILT_PRODUCTS_DIR; };
		7EDA49B91E0DE07D00E9C178 /* CalculatorBrainTests.swift */ = {isa = PBXFileReference; lastKnownFileType = sourcecode.swift; path = CalculatorBrainTests.swift; sourceTree = "<group>"; };
		7EDA49BB1E0DE07D00E9C178 /* Info.plist */ = {isa = PBXFileReference; lastKnownFileType = text.plist.xml; path = Info.plist; sourceTree = "<group>"; };
/* End PBXFileReference section */

/* Begin PBXFrameworksBuildPhase section */
		7EDA499E1E0DE07C00E9C178 /* Frameworks */ = {
			isa = PBXFrameworksBuildPhase;
			buildActionMask = 2147483647;
			files = (
			);
			runOnlyForDeploymentPostprocessing = 0;
		};
		7EDA49B21E0DE07D00E9C178 /* Frameworks */ = {
			isa = PBXFrameworksBuildPhase;
			buildActionMask = 2147483647;
			files = (
			);
			runOnlyForDeploymentPostprocessing = 0;
		};
/* End PBXFrameworksBuildPhase section */

/* Begin PBXGroup section */
		7EDA49981E0DE07C00E9C178 = {
			isa = PBXGroup;
			children = (
				7EDA49A31E0DE07C00E9C178 /* CalculatorBrain */,
				7EDA49B81E0DE07D00E9C178 /* CalculatorBrainTests */,
				7EDA49A21E0DE07C00E9C178 /* Products */,
			);
			sourceTree = "<group>";
		};
		7EDA49A21E0DE07C00E9C178 /* Products */ = {
			isa = PBXGroup;
			children = (
				7EDA49A11E0DE07C00E9C178 /* CalculatorBrain.app */,
				7EDA49B51E0DE07D00E9C178 /* CalculatorBrainTests.xctest */,
			);
			name = Products;
			sourceTree = "<group>";
		};
		7EDA49A31E0DE07C00E9C178 /* CalculatorBrain */ = {
			isa = PBXGroup;
			children = (
				7EDA49A41E0DE07C00E9C178 /* AppDelegate.swift */,
				7EDA49A61E0DE07C00E9C178 /* ViewController.swift */,
				7EDA49A81E0DE07C00E9C178 /* Main.storyboard */,
				7EDA49AB1E0DE07C00E9C178 /* Assets.xcassets */,
				7EDA49AD1E0DE07C00E9C178 /* LaunchScreen.storyboard */,
				7EDA49B01E0DE07C00E9C178 /* Info.plist */,
			);
			path = CalculatorBrain;
			sourceTree = "<group>";
		};
		7EDA49B81E0DE07D00E9C178 /* CalculatorBrainTests */ = {
			isa = PBXGroup;
			children = (
				7EDA49B91E0DE07D00E9C178 /* CalculatorBrainTests.swift */,
				7EDA49BB1E0DE07D00E9C178 /* Info.plist */,
			);
			path = CalculatorBrainTests;
			sourceTree = "<group>";
		};
/* End PBXGroup section */

/* Begin PBXNativeTarget section */
		7EDA49A01E0DE07C00E9C178 /* CalculatorBrain */ = {
			isa = PBXNativeTarget;
			buildConfigurationList = 7EDA49BE1E0DE07D00E9C178 /* Build configuration list for PBXNativeTarget "CalculatorBrain" */;
			buildPhases = (
				7EDA499D1E0DE07C00E9C178 /* Sources */,
				7EDA499E1E0DE07C00E9C178 /* Frameworks */,
				7EDA499F1E0DE07C00E9C178 /* Resources */,
			);
			buildRules = (
			);
			dependencies = (
			);
			name = CalculatorBrain;
			productName = CalculatorBrain;
			productReference = 7EDA49A11E0DE07C00E9C178 /* CalculatorBrain.app */;
			productType = "com.apple.product-type.application";
		};
		7EDA49B41E0DE07D00E9C178 /* CalculatorBrainTests */ = {
			isa = PBXNativeTarget;
			buildConfigurationList = 7EDA49C11E0DE07D00E9C178 /* Build configuration list for PBXNativeTarget "CalculatorBrainTests" */;
			buildPhases = (
				7EDA49B11E0DE07D00E9C178 /* Sources */,
				7EDA49B21E0DE07D00E9C178 /* Frameworks */,
				7EDA49B31E0DE07D00E9C178 /* Resources */,
			);
			buildRules = (
			);
			dependencies = (
				7EDA49B71E0DE07D00E9C178 /* PBXTargetDependency */,
			);
			name = CalculatorBrainTests;
			productName = CalculatorBrainTests;
			productReference = 7EDA49B51E0DE07D00E9C178 /* CalculatorBrainTests.xctest */;
			productType = "com.apple.product-type.bundle.unit-test";
		};
/* End PBXNativeTarget section */

/* Begin PBXProject section */
		7EDA49991E0DE07C00E9C178 /* Project object */ = {
			isa = PBXProject;
			attributes = {
				LastSwiftUpdateCheck = 0820;
				LastUpgradeCheck = 0820;
				ORGANIZATIONNAME = "Mike Vork";
				TargetAttributes = {
					7EDA49A01E0DE07C00E9C178 = {
						CreatedOnToolsVersion = 8.2.1;
						DevelopmentTeam = JNR8436L9N;
						ProvisioningStyle = Automatic;
					};
					7EDA49B41E0DE07D00E9C178 = {
						CreatedOnToolsVersion = 8.2.1;
						DevelopmentTeam = JNR8436L9N;
						ProvisioningStyle = Automatic;
						TestTargetID = 7EDA49A01E0DE07C00E9C178;
					};
				};
			};
			buildConfigurationList = 7EDA499C1E0DE07C00E9C178 /* Build configuration list for PBXProject "CalculatorBrain" */;
			compatibilityVersion = "Xcode 3.2";
			developmentRegion = English;
			hasScannedForEncodings = 0;
			knownRegions = (
				en,
				Base,
			);
			mainGroup = 7EDA49981E0DE07C00E9C178;
			productRefGroup = 7EDA49A21E0DE07C00E9C178 /* Products */;
			projectDirPath = "";
			projectRoot = "";
			targets = (
				7EDA49A01E0DE07C00E9C178 /* CalculatorBrain */,
				7EDA49B41E0DE07D00E9C178 /* CalculatorBrainTests */,
			);
		};
/* End PBXProject section */

/* Begin PBXResourcesBuildPhase section */
		7EDA499F1E0DE07C00E9C178 /* Resources */ = {
			isa = PBXResourcesBuildPhase;
			buildActionMask = 2147483647;
			files = (
				7EDA49AF1E0DE07C00E9C178 /* LaunchScreen.storyboard in Resources */,
				7EDA49AC1E0DE07C00E9C178 /* Assets.xcassets in Resources */,
				7EDA49AA1E0DE07C00E9C178 /* Main.storyboard in Resources */,
			);
			runOnlyForDeploymentPostprocessing = 0;
		};
		7EDA49B31E0DE07D00E9C178 /* Resources */ = {
			isa = PBXResourcesBuildPhase;
			buildActionMask = 2147483647;
			files = (
			);
			runOnlyForDeploymentPostprocessing = 0;
		};
/* End PBXResourcesBuildPhase section */

/* Begin PBXSourcesBuildPhase section */
		7EDA499D1E0DE07C00E9C178 /* Sources */ = {
			isa = PBXSourcesBuildPhase;
			buildActionMask = 2147483647;
			files = (
				7EDA49A71E0DE07C00E9C178 /* ViewController.swift in Sources */,
				7EDA49A51E0DE07C00E9C178 /* AppDelegate.swift in Sources */,
			);
			runOnlyForDeploymentPostprocessing = 0;
		};
		7EDA49B11E0DE07D00E9C178 /* Sources */ = {
			isa = PBXSourcesBuildPhase;
			buildActionMask = 2147483647;
			files = (
				7EDA49BA1E0DE07D00E9C178 /* CalculatorBrainTests.swift in Sources */,
			);
			runOnlyForDeploymentPostprocessing = 0;
		};
/* End PBXSourcesBuildPhase section */

/* Begin PBXTargetDependency section */
		7EDA49B71E0DE07D00E9C178 /* PBXTargetDependency */ = {
			isa = PBXTargetDependency;
			target = 7EDA49A01E0DE07C00E9C178 /* CalculatorBrain */;
			targetProxy = 7EDA49B61E0DE07D00E9C178 /* PBXContainerItemProxy */;
		};
/* End PBXTargetDependency section */

/* Begin PBXVariantGroup section */
		7EDA49A81E0DE07C00E9C178 /* Main.storyboard */ = {
			isa = PBXVariantGroup;
			children = (
				7EDA49A91E0DE07C00E9C178 /* Base */,
			);
			name = Main.storyboard;
			sourceTree = "<group>";
		};
		7EDA49AD1E0DE07C00E9C178 /* LaunchScreen.storyboard */ = {
			isa = PBXVariantGroup;
			children = (
				7EDA49AE1E0DE07C00E9C178 /* Base */,
			);
			name = LaunchScreen.storyboard;
			sourceTree = "<group>";
		};
/* End PBXVariantGroup section */

/* Begin XCBuildConfiguration section */
		7EDA49BC1E0DE07D00E9C178 /* Debug */ = {
			isa = XCBuildConfiguration;
			buildSettings = {
				ALWAYS_SEARCH_USER_PATHS = NO;
				CLANG_ANALYZER_NONNULL = YES;
				CLANG_CXX_LANGUAGE_STANDARD = "gnu++0x";
				CLANG_CXX_LIBRARY = "libc++";
				CLANG_ENABLE_MODULES = YES;
				CLANG_ENABLE_OBJC_ARC = YES;
				CLANG_WARN_BOOL_CONVERSION = YES;
				CLANG_WARN_CONSTANT_CONVERSION = YES;
				CLANG_WARN_DIRECT_OBJC_ISA_USAGE = YES_ERROR;
				CLANG_WARN_DOCUMENTATION_COMMENTS = YES;
				CLANG_WARN_EMPTY_BODY = YES;
				CLANG_WARN_ENUM_CONVERSION = YES;
				CLANG_WARN_INFINITE_RECURSION = YES;
				CLANG_WARN_INT_CONVERSION = YES;
				CLANG_WARN_OBJC_ROOT_CLASS = YES_ERROR;
				CLANG_WARN_SUSPICIOUS_MOVE = YES;
				CLANG_WARN_UNREACHABLE_CODE = YES;
				CLANG_WARN__DUPLICATE_METHOD_MATCH = YES;
				"CODE_SIGN_IDENTITY[sdk=iphoneos*]" = "iPhone Developer";
				COPY_PHASE_STRIP = NO;
				DEBUG_INFORMATION_FORMAT = dwarf;
				ENABLE_STRICT_OBJC_MSGSEND = YES;
				ENABLE_TESTABILITY = YES;
				GCC_C_LANGUAGE_STANDARD = gnu99;
				GCC_DYNAMIC_NO_PIC = NO;
				GCC_NO_COMMON_BLOCKS = YES;
				GCC_OPTIMIZATION_LEVEL = 0;
				GCC_PREPROCESSOR_DEFINITIONS = (
					"DEBUG=1",
					"$(inherited)",
				);
				GCC_WARN_64_TO_32_BIT_CONVERSION = YES;
				GCC_WARN_ABOUT_RETURN_TYPE = YES_ERROR;
				GCC_WARN_UNDECLARED_SELECTOR = YES;
				GCC_WARN_UNINITIALIZED_AUTOS = YES_AGGRESSIVE;
				GCC_WARN_UNUSED_FUNCTION = YES;
				GCC_WARN_UNUSED_VARIABLE = YES;
				IPHONEOS_DEPLOYMENT_TARGET = 10.2;
				MTL_ENABLE_DEBUG_INFO = YES;
				ONLY_ACTIVE_ARCH = YES;
				SDKROOT = iphoneos;
				SWIFT_ACTIVE_COMPILATION_CONDITIONS = DEBUG;
				SWIFT_OPTIMIZATION_LEVEL = "-Onone";
				TARGETED_DEVICE_FAMILY = "1,2";
			};
			name = Debug;
		};
		7EDA49BD1E0DE07D00E9C178 /* Release */ = {
			isa = XCBuildConfiguration;
			buildSettings = {
				ALWAYS_SEARCH_USER_PATHS = NO;
				CLANG_ANALYZER_NONNULL = YES;
				CLANG_CXX_LANGUAGE_STANDARD = "gnu++0x";
				CLANG_CXX_LIBRARY = "libc++";
				CLANG_ENABLE_MODULES = YES;
				CLANG_ENABLE_OBJC_ARC = YES;
				CLANG_WARN_BOOL_CONVERSION = YES;
				CLANG_WARN_CONSTANT_CONVERSION = YES;
				CLANG_WARN_DIRECT_OBJC_ISA_USAGE = YES_ERROR;
				CLANG_WARN_DOCUMENTATION_COMMENTS = YES;
				CLANG_WARN_EMPTY_BODY = YES;
				CLANG_WARN_ENUM_CONVERSION = YES;
				CLANG_WARN_INFINITE_RECURSION = YES;
				CLANG_WARN_INT_CONVERSION = YES;
				CLANG_WARN_OBJC_ROOT_CLASS = YES_ERROR;
				CLANG_WARN_SUSPICIOUS_MOVE = YES;
				CLANG_WARN_UNREACHABLE_CODE = YES;
				CLANG_WARN__DUPLICATE_METHOD_MATCH = YES;
				"CODE_SIGN_IDENTITY[sdk=iphoneos*]" = "iPhone Developer";
				COPY_PHASE_STRIP = NO;
				DEBUG_INFORMATION_FORMAT = "dwarf-with-dsym";
				ENABLE_NS_ASSERTIONS = NO;
				ENABLE_STRICT_OBJC_MSGSEND = YES;
				GCC_C_LANGUAGE_STANDARD = gnu99;
				GCC_NO_COMMON_BLOCKS = YES;
				GCC_WARN_64_TO_32_BIT_CONVERSION = YES;
				GCC_WARN_ABOUT_RETURN_TYPE = YES_ERROR;
				GCC_WARN_UNDECLARED_SELECTOR = YES;
				GCC_WARN_UNINITIALIZED_AUTOS = YES_AGGRESSIVE;
				GCC_WARN_UNUSED_FUNCTION = YES;
				GCC_WARN_UNUSED_VARIABLE = YES;
				IPHONEOS_DEPLOYMENT_TARGET = 10.2;
				MTL_ENABLE_DEBUG_INFO = NO;
				SDKROOT = iphoneos;
				SWIFT_OPTIMIZATION_LEVEL = "-Owholemodule";
				TARGETED_DEVICE_FAMILY = "1,2";
				VALIDATE_PRODUCT = YES;
			};
			name = Release;
		};
		7EDA49BF1E0DE07D00E9C178 /* Debug */ = {
			isa = XCBuildConfiguration;
			buildSettings = {
				ASSETCATALOG_COMPILER_APPICON_NAME = AppIcon;
				DEVELOPMENT_TEAM = JNR8436L9N;
				INFOPLIST_FILE = CalculatorBrain/Info.plist;
				LD_RUNPATH_SEARCH_PATHS = "$(inherited) @executable_path/Frameworks";
				PRODUCT_BUNDLE_IDENTIFIER = com.momentumsoft.CalculatorBrain;
				PRODUCT_NAME = "$(TARGET_NAME)";
				SWIFT_VERSION = 3.0;
			};
			name = Debug;
		};
		7EDA49C01E0DE07D00E9C178 /* Release */ = {
			isa = XCBuildConfiguration;
			buildSettings = {
				ASSETCATALOG_COMPILER_APPICON_NAME = AppIcon;
				DEVELOPMENT_TEAM = JNR8436L9N;
				INFOPLIST_FILE = CalculatorBrain/Info.plist;
				LD_RUNPATH_SEARCH_PATHS = "$(inherited) @executable_path/Frameworks";
				PRODUCT_BUNDLE_IDENTIFIER = com.momentumsoft.CalculatorBrain;
				PRODUCT_NAME = "$(TARGET_NAME)";
				SWIFT_VERSION = 3.0;
			};
			name = Release;
		};
		7EDA49C21E0DE07D00E9C178 /* Debug */ = {
			isa = XCBuildConfiguration;
			buildSettings = {
				ALWAYS_EMBED_SWIFT_STANDARD_LIBRARIES = YES;
				BUNDLE_LOADER = "$(TEST_HOST)";
				DEVELOPMENT_TEAM = JNR8436L9N;
				INFOPLIST_FILE = CalculatorBrainTests/Info.plist;
				LD_RUNPATH_SEARCH_PATHS = "$(inherited) @executable_path/Frameworks @loader_path/Frameworks";
				PRODUCT_BUNDLE_IDENTIFIER = com.momentumsoft.CalculatorBrainTests;
				PRODUCT_NAME = "$(TARGET_NAME)";
				SWIFT_VERSION = 3.0;
				TEST_HOST = "$(BUILT_PRODUCTS_DIR)/CalculatorBrain.app/CalculatorBrain";
			};
			name = Debug;
		};
		7EDA49C31E0DE07D00E9C178 /* Release */ = {
			isa = XCBuildConfiguration;
			buildSettings = {
				ALWAYS_EMBED_SWIFT_STANDARD_LIBRARIES = YES;
				BUNDLE_LOADER = "$(TEST_HOST)";
				DEVELOPMENT_TEAM = JNR8436L9N;
				INFOPLIST_FILE = CalculatorBrainTests/Info.plist;
				LD_RUNPATH_SEARCH_PATHS = "$(inherited) @executable_path/Frameworks @loader_path/Frameworks";
				PRODUCT_BUNDLE_IDENTIFIER = com.momentumsoft.CalculatorBrainTests;
				PRODUCT_NAME = "$(TARGET_NAME)";
				SWIFT_VERSION = 3.0;
				TEST_HOST = "$(BUILT_PRODUCTS_DIR)/CalculatorBrain.app/CalculatorBrain";
			};
			name = Release;
		};
/* End XCBuildConfiguration section */

/* Begin XCConfigurationList section */
		7EDA499C1E0DE07C00E9C178 /* Build configuration list for PBXProject "CalculatorBrain" */ = {
			isa = XCConfigurationList;
			buildConfigurations = (
				7EDA49BC1E0DE07D00E9C178 /* Debug */,
				7EDA49BD1E0DE07D00E9C178 /* Release */,
			);
			defaultConfigurationIsVisible = 0;
			defaultConfigurationName = Release;
		};
		7EDA49BE1E0DE07D00E9C178 /* Build configuration list for PBXNativeTarget "CalculatorBrain" */ = {
			isa = XCConfigurationList;
			buildConfigurations = (
				7EDA49BF1E0DE07D00E9C178 /* Debug */,
				7EDA49C01E0DE07D00E9C178 /* Release */,
			);
			defaultConfigurationIsVisible = 0;
		};
		7EDA49C11E0DE07D00E9C178 /* Build configuration list for PBXNativeTarget "CalculatorBrainTests" */ = {
			isa = XCConfigurationList;
			buildConfigurations = (
				7EDA49C21E0DE07D00E9C178 /* Debug */,
				7EDA49C31E0DE07D00E9C178 /* Release */,
			);
			defaultConfigurationIsVisible = 0;
		};
/* End XCConfigurationList section */
	};
	rootObject = 7EDA49991E0DE07C00E9C178 /* Project object */;
}
